{
  "name": "ulid-to-hex",
  "version": "0.0.4",
  "lockfileVersion": 3,
  "requires": true,
  "packages": {
    "": {
      "name": "ulid-to-hex",
      "version": "0.0.4",
      "license": "MIT",
      "dependencies": {
        "id128": "^1.6.6"
      },
      "bin": {
        "ulid-to-hex": "index.js"
      }
    },
    "node_modules/id128": {
      "version": "1.6.6",
      "resolved": "https://registry.npmjs.org/id128/-/id128-1.6.6.tgz",
      "integrity": "sha512-ExSXL9qcyQ7X/AfyO4ouARLnztm7Nmry1rwGi1nbrtSM90tjjqKzeMKqJfkw5bDdDX7XqdXIRzYYkVj5PU28Hg==",
      "engines": {
        "node": ">=v6.9.0"
      }
    }
  }
}
